
Microsoft Visual Studio Solution File, Format Version 12.00
# Visual Studio Version 17
VisualStudioVersion = 17.9.34728.123
MinimumVisualStudioVersion = 10.0.40219.1
Project("{9A19103F-16F7-4668-BE54-9A1E7A4F7556}") = "IntegralCalculationApp", "IntegralCalculationApp.csproj", "{3D9DCEFC-2468-4B0B-82B1-1D4BB359F355}"
EndProject
Global
	GlobalSection(SolutionConfigurationPlatforms) = preSolution
		Debug|Any CPU = Debug|Any CPU
		Release|Any CPU = Release|Any CPU
	EndGlobalSection
	GlobalSection(ProjectConfigurationPlatforms) = postSolution
		{3D9DCEFC-2468-4B0B-82B1-1D4BB359F355}.Debug|Any CPU.ActiveCfg = Debug|Any CPU
		{3D9DCEFC-2468-4B0B-82B1-1D4BB359F355}.Debug|Any CPU.Build.0 = Debug|Any CPU
		{3D9DCEFC-2468-4B0B-82B1-1D4BB359F355}.Release|Any CPU.ActiveCfg = Release|Any CPU
		{3D9DCEFC-2468-4B0B-82B1-1D4BB359F355}.Release|Any CPU.Build.0 = Release|Any CPU
	EndGlobalSection
	GlobalSection(SolutionProperties) = preSolution
		HideSolutionNode = FALSE
	EndGlobalSection
	GlobalSection(ExtensibilityGlobals) = postSolution
		SolutionGuid = {0F592810-D1D9-48A2-9D3D-6595294D7404}
	EndGlobalSection
EndGlobal
