
Microsoft Visual Studio Solution File, Format Version 12.00
# Visual Studio Version 17
VisualStudioVersion = 17.9.34728.123
MinimumVisualStudioVersion = 10.0.40219.1
Project("{FAE04EC0-301F-11D3-BF4B-00C04F79EFBC}") = "LB2_SVPP", "LB2_SVPP.csproj", "{1B40607E-FE4A-44BF-9331-8FB738D23B83}"
EndProject
Project("{9A19103F-16F7-4668-BE54-9A1E7A4F7556}") = "CalculatorAppWPF", "..\CalculatorAppWPF\CalculatorAppWPF.csproj", "{5CC55C61-8E1D-433A-A17E-E7F152B315D8}"
EndProject
Global
	GlobalSection(SolutionConfigurationPlatforms) = preSolution
		Debug|Any CPU = Debug|Any CPU
		Release|Any CPU = Release|Any CPU
	EndGlobalSection
	GlobalSection(ProjectConfigurationPlatforms) = postSolution
		{1B40607E-FE4A-44BF-9331-8FB738D23B83}.Debug|Any CPU.ActiveCfg = Debug|Any CPU
		{1B40607E-FE4A-44BF-9331-8FB738D23B83}.Debug|Any CPU.Build.0 = Debug|Any CPU
		{1B40607E-FE4A-44BF-9331-8FB738D23B83}.Release|Any CPU.ActiveCfg = Release|Any CPU
		{1B40607E-FE4A-44BF-9331-8FB738D23B83}.Release|Any CPU.Build.0 = Release|Any CPU
		{5CC55C61-8E1D-433A-A17E-E7F152B315D8}.Debug|Any CPU.ActiveCfg = Debug|Any CPU
		{5CC55C61-8E1D-433A-A17E-E7F152B315D8}.Debug|Any CPU.Build.0 = Debug|Any CPU
		{5CC55C61-8E1D-433A-A17E-E7F152B315D8}.Release|Any CPU.ActiveCfg = Release|Any CPU
		{5CC55C61-8E1D-433A-A17E-E7F152B315D8}.Release|Any CPU.Build.0 = Release|Any CPU
	EndGlobalSection
	GlobalSection(SolutionProperties) = preSolution
		HideSolutionNode = FALSE
	EndGlobalSection
	GlobalSection(ExtensibilityGlobals) = postSolution
		SolutionGuid = {E8C9C21C-4114-42C9-BB00-E87E1028004E}
	EndGlobalSection
EndGlobal
