
Microsoft Visual Studio Solution File, Format Version 12.00
# Visual Studio Version 17
VisualStudioVersion = 17.9.34728.123
MinimumVisualStudioVersion = 10.0.40219.1
Project("{FAE04EC0-301F-11D3-BF4B-00C04F79EFBC}") = "HorseRaceControlLibrary", "HorseRaceControlLibrary.csproj", "{22445DE4-1859-4F1A-B42F-2D460D2BE2E5}"
EndProject
Project("{9A19103F-16F7-4668-BE54-9A1E7A4F7556}") = "GameAppHerasimenka", "..\GameAppHerasimenka\GameAppHerasimenka.csproj", "{7C2DED10-03B2-4192-8560-41FAD0A37097}"
EndProject
Global
	GlobalSection(SolutionConfigurationPlatforms) = preSolution
		Debug|Any CPU = Debug|Any CPU
		Release|Any CPU = Release|Any CPU
	EndGlobalSection
	GlobalSection(ProjectConfigurationPlatforms) = postSolution
		{22445DE4-1859-4F1A-B42F-2D460D2BE2E5}.Debug|Any CPU.ActiveCfg = Debug|Any CPU
		{22445DE4-1859-4F1A-B42F-2D460D2BE2E5}.Debug|Any CPU.Build.0 = Debug|Any CPU
		{22445DE4-1859-4F1A-B42F-2D460D2BE2E5}.Release|Any CPU.ActiveCfg = Release|Any CPU
		{22445DE4-1859-4F1A-B42F-2D460D2BE2E5}.Release|Any CPU.Build.0 = Release|Any CPU
		{7C2DED10-03B2-4192-8560-41FAD0A37097}.Debug|Any CPU.ActiveCfg = Debug|Any CPU
		{7C2DED10-03B2-4192-8560-41FAD0A37097}.Debug|Any CPU.Build.0 = Debug|Any CPU
		{7C2DED10-03B2-4192-8560-41FAD0A37097}.Release|Any CPU.ActiveCfg = Release|Any CPU
		{7C2DED10-03B2-4192-8560-41FAD0A37097}.Release|Any CPU.Build.0 = Release|Any CPU
	EndGlobalSection
	GlobalSection(SolutionProperties) = preSolution
		HideSolutionNode = FALSE
	EndGlobalSection
	GlobalSection(ExtensibilityGlobals) = postSolution
		SolutionGuid = {C032B171-1E9B-4969-BD91-D3069852E895}
	EndGlobalSection
EndGlobal
